// !$*UTF8*$!
{
	archiveVersion = 1;
	classes = {
	};
	objectVersion = 46;
	objects = {

/* Begin PBXBuildFile section */
		77B082F91C401DA300F8B71C /* AppDelegate.swift in Sources */ = {isa = PBXBuildFile; fileRef = 77B082F81C401DA300F8B71C /* AppDelegate.swift */; };
		77B082FB1C401DA300F8B71C /* ViewController.swift in Sources */ = {isa = PBXBuildFile; fileRef = 77B082FA1C401DA300F8B71C /* ViewController.swift */; };
		77B082FE1C401DA300F8B71C /* Main.storyboard in Resources */ = {isa = PBXBuildFile; fileRef = 77B082FC1C401DA300F8B71C /* Main.storyboard */; };
		77B083001C401DA300F8B71C /* Assets.xcassets in Resources */ = {isa = PBXBuildFile; fileRef = 77B082FF1C401DA300F8B71C /* Assets.xcassets */; };
		77B083031C401DA300F8B71C /* LaunchScreen.storyboard in Resources */ = {isa = PBXBuildFile; fileRef = 77B083011C401DA300F8B71C /* LaunchScreen.storyboard */; };
		77B0830E1C401DA300F8B71C /* Address_Book_AccessTests.swift in Sources */ = {isa = PBXBuildFile; fileRef = 77B0830D1C401DA300F8B71C /* Address_Book_AccessTests.swift */; };
/* End PBXBuildFile section */

/* Begin PBXContainerItemProxy section */
		77B0830A1C401DA300F8B71C /* PBXContainerItemProxy */ = {
			isa = PBXContainerItemProxy;
			containerPortal = 77B082ED1C401DA300F8B71C /* Project object */;
			proxyType = 1;
			remoteGlobalIDString = 77B082F41C401DA300F8B71C;
			remoteInfo = "Address Book Access";
		};
/* End PBXContainerItemProxy section */

/* Begin PBXFileReference section */
		77B082F51C401DA300F8B71C /* Address Book Access.app */ = {isa = PBXFileReference; explicitFileType = wrapper.application; includeInIndex = 0; path = "Address Book Access.app"; sourceTree = BUILT_PRODUCTS_DIR; };
		77B082F81C401DA300F8B71C /* AppDelegate.swift */ = {isa = PBXFileReference; lastKnownFileType = sourcecode.swift; path = AppDelegate.swift; sourceTree = "<group>"; };
		77B082FA1C401DA300F8B71C /* ViewController.swift */ = {isa = PBXFileReference; lastKnownFileType = sourcecode.swift; path = ViewController.swift; sourceTree = "<group>"; };
		77B082FD1C401DA300F8B71C /* Base */ = {isa = PBXFileReference; lastKnownFileType = file.storyboard; name = Base; path = Base.lproj/Main.storyboard; sourceTree = "<group>"; };
		77B082FF1C401DA300F8B71C /* Assets.xcassets */ = {isa = PBXFileReference; lastKnownFileType = folder.assetcatalog; path = Assets.xcassets; sourceTree = "<group>"; };
		77B083021C401DA300F8B71C /* Base */ = {isa = PBXFileReference; lastKnownFileType = file.storyboard; name = Base; path = Base.lproj/LaunchScreen.storyboard; sourceTree = "<group>"; };
		77B083041C401DA300F8B71C /* Info.plist */ = {isa = PBXFileReference; lastKnownFileType = text.plist.xml; path = Info.plist; sourceTree = "<group>"; };
		77B083091C401DA300F8B71C /* Address Book AccessTests.xctest */ = {isa = PBXFileReference; explicitFileType = wrapper.cfbundle; includeInIndex = 0; path = "Address Book AccessTests.xctest"; sourceTree = BUILT_PRODUCTS_DIR; };
		77B0830D1C401DA300F8B71C /* Address_Book_AccessTests.swift */ = {isa = PBXFileReference; lastKnownFileType = sourcecode.swift; path = Address_Book_AccessTests.swift; sourceTree = "<group>"; };
		77B0830F1C401DA300F8B71C /* Info.plist */ = {isa = PBXFileReference; lastKnownFileType = text.plist.xml; path = Info.plist; sourceTree = "<group>"; };
/* End PBXFileReference section */

/* Begin PBXFrameworksBuildPhase section */
		77B082F21C401DA300F8B71C /* Frameworks */ = {
			isa = PBXFrameworksBuildPhase;
			buildActionMask = 2147483647;
			files = (
			);
			runOnlyForDeploymentPostprocessing = 0;
		};
		77B083061C401DA300F8B71C /* Frameworks */ = {
			isa = PBXFrameworksBuildPhase;
			buildActionMask = 2147483647;
			files = (
			);
			runOnlyForDeploymentPostprocessing = 0;
		};
/* End PBXFrameworksBuildPhase section */

/* Begin PBXGroup section */
		77B082EC1C401DA300F8B71C = {
			isa = PBXGroup;
			children = (
				77B082F71C401DA300F8B71C /* Address Book Access */,
				77B0830C1C401DA300F8B71C /* Address Book AccessTests */,
				77B082F61C401DA300F8B71C /* Products */,
			);
			sourceTree = "<group>";
		};
		77B082F61C401DA300F8B71C /* Products */ = {
			isa = PBXGroup;
			children = (
				77B082F51C401DA300F8B71C /* Address Book Access.app */,
				77B083091C401DA300F8B71C /* Address Book AccessTests.xctest */,
			);
			name = Products;
			sourceTree = "<group>";
		};
		77B082F71C401DA300F8B71C /* Address Book Access */ = {
			isa = PBXGroup;
			children = (
				77B082F81C401DA300F8B71C /* AppDelegate.swift */,
				77B082FA1C401DA300F8B71C /* ViewController.swift */,
				77B082FC1C401DA300F8B71C /* Main.storyboard */,
				77B082FF1C401DA300F8B71C /* Assets.xcassets */,
				77B083011C401DA300F8B71C /* LaunchScreen.storyboard */,
				77B083041C401DA300F8B71C /* Info.plist */,
			);
			path = "Address Book Access";
			sourceTree = "<group>";
		};
		77B0830C1C401DA300F8B71C /* Address Book AccessTests */ = {
			isa = PBXGroup;
			children = (
				77B0830D1C401DA300F8B71C /* Address_Book_AccessTests.swift */,
				77B0830F1C401DA300F8B71C /* Info.plist */,
			);
			path = "Address Book AccessTests";
			sourceTree = "<group>";
		};
/* End PBXGroup section */

/* Begin PBXNativeTarget section */
		77B082F41C401DA300F8B71C /* Address Book Access */ = {
			isa = PBXNativeTarget;
			buildConfigurationList = 77B083121C401DA300F8B71C /* Build configuration list for PBXNativeTarget "Address Book Access" */;
			buildPhases = (
				77B082F11C401DA300F8B71C /* Sources */,
				77B082F21C401DA300F8B71C /* Frameworks */,
				77B082F31C401DA300F8B71C /* Resources */,
			);
			buildRules = (
			);
			dependencies = (
			);
			name = "Address Book Access";
			productName = "Address Book Access";
			productReference = 77B082F51C401DA300F8B71C /* Address Book Access.app */;
			productType = "com.apple.product-type.application";
		};
		77B083081C401DA300F8B71C /* Address Book AccessTests */ = {
			isa = PBXNativeTarget;
			buildConfigurationList = 77B083151C401DA300F8B71C /* Build configuration list for PBXNativeTarget "Address Book AccessTests" */;
			buildPhases = (
				77B083051C401DA300F8B71C /* Sources */,
				77B083061C401DA300F8B71C /* Frameworks */,
				77B083071C401DA300F8B71C /* Resources */,
			);
			buildRules = (
			);
			dependencies = (
				77B0830B1C401DA300F8B71C /* PBXTargetDependency */,
			);
			name = "Address Book AccessTests";
			productName = "Address Book AccessTests";
			productReference = 77B083091C401DA300F8B71C /* Address Book AccessTests.xctest */;
			productType = "com.apple.product-type.bundle.unit-test";
		};
/* End PBXNativeTarget section */

/* Begin PBXProject section */
		77B082ED1C401DA300F8B71C /* Project object */ = {
			isa = PBXProject;
			attributes = {
				LastSwiftUpdateCheck = 0720;
				LastUpgradeCheck = 0720;
				ORGANIZATIONNAME = "Philippe petit";
				TargetAttributes = {
					77B082F41C401DA300F8B71C = {
						CreatedOnToolsVersion = 7.2;
						DevelopmentTeam = F3PL24L9PG;
					};
					77B083081C401DA300F8B71C = {
						CreatedOnToolsVersion = 7.2;
						DevelopmentTeam = F3PL24L9PG;
						TestTargetID = 77B082F41C401DA300F8B71C;
					};
				};
			};
			buildConfigurationList = 77B082F01C401DA300F8B71C /* Build configuration list for PBXProject "Address Book Access" */;
			compatibilityVersion = "Xcode 3.2";
			developmentRegion = English;
			hasScannedForEncodings = 0;
			knownRegions = (
				en,
				Base,
			);
			mainGroup = 77B082EC1C401DA300F8B71C;
			productRefGroup = 77B082F61C401DA300F8B71C /* Products */;
			projectDirPath = "";
			projectRoot = "";
			targets = (
				77B082F41C401DA300F8B71C /* Address Book Access */,
				77B083081C401DA300F8B71C /* Address Book AccessTests */,
			);
		};
/* End PBXProject section */

/* Begin PBXResourcesBuildPhase section */
		77B082F31C401DA300F8B71C /* Resources */ = {
			isa = PBXResourcesBuildPhase;
			buildActionMask = 2147483647;
			files = (
				77B083031C401DA300F8B71C /* LaunchScreen.storyboard in Resources */,
				77B083001C401DA300F8B71C /* Assets.xcassets in Resources */,
				77B082FE1C401DA300F8B71C /* Main.storyboard in Resources */,
			);
			runOnlyForDeploymentPostprocessing = 0;
		};
		77B083071C401DA300F8B71C /* Resources */ = {
			isa = PBXResourcesBuildPhase;
			buildActionMask = 2147483647;
			files = (
			);
			runOnlyForDeploymentPostprocessing = 0;
		};
/* End PBXResourcesBuildPhase section */

/* Begin PBXSourcesBuildPhase section */
		77B082F11C401DA300F8B71C /* Sources */ = {
			isa = PBXSourcesBuildPhase;
			buildActionMask = 2147483647;
			files = (
				77B082FB1C401DA300F8B71C /* ViewController.swift in Sources */,
				77B082F91C401DA300F8B71C /* AppDelegate.swift in Sources */,
			);
			runOnlyForDeploymentPostprocessing = 0;
		};
		77B083051C401DA300F8B71C /* Sources */ = {
			isa = PBXSourcesBuildPhase;
			buildActionMask = 2147483647;
			files = (
				77B0830E1C401DA300F8B71C /* Address_Book_AccessTests.swift in Sources */,
			);
			runOnlyForDeploymentPostprocessing = 0;
		};
/* End PBXSourcesBuildPhase section */

/* Begin PBXTargetDependency section */
		77B0830B1C401DA300F8B71C /* PBXTargetDependency */ = {
			isa = PBXTargetDependency;
			target = 77B082F41C401DA300F8B71C /* Address Book Access */;
			targetProxy = 77B0830A1C401DA300F8B71C /* PBXContainerItemProxy */;
		};
/* End PBXTargetDependency section */

/* Begin PBXVariantGroup section */
		77B082FC1C401DA300F8B71C /* Main.storyboard */ = {
			isa = PBXVariantGroup;
			children = (
				77B082FD1C401DA300F8B71C /* Base */,
			);
			name = Main.storyboard;
			sourceTree = "<group>";
		};
		77B083011C401DA300F8B71C /* LaunchScreen.storyboard */ = {
			isa = PBXVariantGroup;
			children = (
				77B083021C401DA300F8B71C /* Base */,
			);
			name = LaunchScreen.storyboard;
			sourceTree = "<group>";
		};
/* End PBXVariantGroup section */

/* Begin XCBuildConfiguration section */
		77B083101C401DA300F8B71C /* Debug */ = {
			isa = XCBuildConfiguration;
			buildSettings = {
				ALWAYS_SEARCH_USER_PATHS = NO;
				CLANG_CXX_LANGUAGE_STANDARD = "gnu++0x";
				CLANG_CXX_LIBRARY = "libc++";
				CLANG_ENABLE_MODULES = YES;
				CLANG_ENABLE_OBJC_ARC = YES;
				CLANG_WARN_BOOL_CONVERSION = YES;
				CLANG_WARN_CONSTANT_CONVERSION = YES;
				CLANG_WARN_DIRECT_OBJC_ISA_USAGE = YES_ERROR;
				CLANG_WARN_EMPTY_BODY = YES;
				CLANG_WARN_ENUM_CONVERSION = YES;
				CLANG_WARN_INT_CONVERSION = YES;
				CLANG_WARN_OBJC_ROOT_CLASS = YES_ERROR;
				CLANG_WARN_UNREACHABLE_CODE = YES;
				CLANG_WARN__DUPLICATE_METHOD_MATCH = YES;
				"CODE_SIGN_IDENTITY[sdk=iphoneos*]" = "iPhone Developer";
				COPY_PHASE_STRIP = NO;
				DEBUG_INFORMATION_FORMAT = dwarf;
				ENABLE_STRICT_OBJC_MSGSEND = YES;
				ENABLE_TESTABILITY = YES;
				GCC_C_LANGUAGE_STANDARD = gnu99;
				GCC_DYNAMIC_NO_PIC = NO;
				GCC_NO_COMMON_BLOCKS = YES;
				GCC_OPTIMIZATION_LEVEL = 0;
				GCC_PREPROCESSOR_DEFINITIONS = (
					"DEBUG=1",
					"$(inherited)",
				);
				GCC_WARN_64_TO_32_BIT_CONVERSION = YES;
				GCC_WARN_ABOUT_RETURN_TYPE = YES_ERROR;
				GCC_WARN_UNDECLARED_SELECTOR = YES;
				GCC_WARN_UNINITIALIZED_AUTOS = YES_AGGRESSIVE;
				GCC_WARN_UNUSED_FUNCTION = YES;
				GCC_WARN_UNUSED_VARIABLE = YES;
				IPHONEOS_DEPLOYMENT_TARGET = 9.2;
				MTL_ENABLE_DEBUG_INFO = YES;
				ONLY_ACTIVE_ARCH = YES;
				SDKROOT = iphoneos;
				SWIFT_OPTIMIZATION_LEVEL = "-Onone";
				TARGETED_DEVICE_FAMILY = "1,2";
			};
			name = Debug;
		};
		77B083111C401DA300F8B71C /* Release */ = {
			isa = XCBuildConfiguration;
			buildSettings = {
				ALWAYS_SEARCH_USER_PATHS = NO;
				CLANG_CXX_LANGUAGE_STANDARD = "gnu++0x";
				CLANG_CXX_LIBRARY = "libc++";
				CLANG_ENABLE_MODULES = YES;
				CLANG_ENABLE_OBJC_ARC = YES;
				CLANG_WARN_BOOL_CONVERSION = YES;
				CLANG_WARN_CONSTANT_CONVERSION = YES;
				CLANG_WARN_DIRECT_OBJC_ISA_USAGE = YES_ERROR;
				CLANG_WARN_EMPTY_BODY = YES;
				CLANG_WARN_ENUM_CONVERSION = YES;
				CLANG_WARN_INT_CONVERSION = YES;
				CLANG_WARN_OBJC_ROOT_CLASS = YES_ERROR;
				CLANG_WARN_UNREACHABLE_CODE = YES;
				CLANG_WARN__DUPLICATE_METHOD_MATCH = YES;
				"CODE_SIGN_IDENTITY[sdk=iphoneos*]" = "iPhone Developer";
				COPY_PHASE_STRIP = NO;
				DEBUG_INFORMATION_FORMAT = "dwarf-with-dsym";
				ENABLE_NS_ASSERTIONS = NO;
				ENABLE_STRICT_OBJC_MSGSEND = YES;
				GCC_C_LANGUAGE_STANDARD = gnu99;
				GCC_NO_COMMON_BLOCKS = YES;
				GCC_WARN_64_TO_32_BIT_CONVERSION = YES;
				GCC_WARN_ABOUT_RETURN_TYPE = YES_ERROR;
				GCC_WARN_UNDECLARED_SELECTOR = YES;
				GCC_WARN_UNINITIALIZED_AUTOS = YES_AGGRESSIVE;
				GCC_WARN_UNUSED_FUNCTION = YES;
				GCC_WARN_UNUSED_VARIABLE = YES;
				IPHONEOS_DEPLOYMENT_TARGET = 9.2;
				MTL_ENABLE_DEBUG_INFO = NO;
				SDKROOT = iphoneos;
				TARGETED_DEVICE_FAMILY = "1,2";
				VALIDATE_PRODUCT = YES;
			};
			name = Release;
		};
		77B083131C401DA300F8B71C /* Debug */ = {
			isa = XCBuildConfiguration;
			buildSettings = {
				ASSETCATALOG_COMPILER_APPICON_NAME = AppIcon;
				INFOPLIST_FILE = "Address Book Access/Info.plist";
				LD_RUNPATH_SEARCH_PATHS = "$(inherited) @executable_path/Frameworks";
				PRODUCT_BUNDLE_IDENTIFIER = "com.philippe-petit.Address-Book-Access";
				PRODUCT_NAME = "$(TARGET_NAME)";
			};
			name = Debug;
		};
		77B083141C401DA300F8B71C /* Release */ = {
			isa = XCBuildConfiguration;
			buildSettings = {
				ASSETCATALOG_COMPILER_APPICON_NAME = AppIcon;
				INFOPLIST_FILE = "Address Book Access/Info.plist";
				LD_RUNPATH_SEARCH_PATHS = "$(inherited) @executable_path/Frameworks";
				PRODUCT_BUNDLE_IDENTIFIER = "com.philippe-petit.Address-Book-Access";
				PRODUCT_NAME = "$(TARGET_NAME)";
			};
			name = Release;
		};
		77B083161C401DA300F8B71C /* Debug */ = {
			isa = XCBuildConfiguration;
			buildSettings = {
				BUNDLE_LOADER = "$(TEST_HOST)";
				INFOPLIST_FILE = "Address Book AccessTests/Info.plist";
				LD_RUNPATH_SEARCH_PATHS = "$(inherited) @executable_path/Frameworks @loader_path/Frameworks";
				PRODUCT_BUNDLE_IDENTIFIER = "com.philippe-petit.Address-Book-AccessTests";
				PRODUCT_NAME = "$(TARGET_NAME)";
				TEST_HOST = "$(BUILT_PRODUCTS_DIR)/Address Book Access.app/Address Book Access";
			};
			name = Debug;
		};
		77B083171C401DA300F8B71C /* Release */ = {
			isa = XCBuildConfiguration;
			buildSettings = {
				BUNDLE_LOADER = "$(TEST_HOST)";
				INFOPLIST_FILE = "Address Book AccessTests/Info.plist";
				LD_RUNPATH_SEARCH_PATHS = "$(inherited) @executable_path/Frameworks @loader_path/Frameworks";
				PRODUCT_BUNDLE_IDENTIFIER = "com.philippe-petit.Address-Book-AccessTests";
				PRODUCT_NAME = "$(TARGET_NAME)";
				TEST_HOST = "$(BUILT_PRODUCTS_DIR)/Address Book Access.app/Address Book Access";
			};
			name = Release;
		};
/* End XCBuildConfiguration section */

/* Begin XCConfigurationList section */
		77B082F01C401DA300F8B71C /* Build configuration list for PBXProject "Address Book Access" */ = {
			isa = XCConfigurationList;
			buildConfigurations = (
				77B083101C401DA300F8B71C /* Debug */,
				77B083111C401DA300F8B71C /* Release */,
			);
			defaultConfigurationIsVisible = 0;
			defaultConfigurationName = Release;
		};
		77B083121C401DA300F8B71C /* Build configuration list for PBXNativeTarget "Address Book Access" */ = {
			isa = XCConfigurationList;
			buildConfigurations = (
				77B083131C401DA300F8B71C /* Debug */,
				77B083141C401DA300F8B71C /* Release */,
			);
			defaultConfigurationIsVisible = 0;
		};
		77B083151C401DA300F8B71C /* Build configuration list for PBXNativeTarget "Address Book AccessTests" */ = {
			isa = XCConfigurationList;
			buildConfigurations = (
				77B083161C401DA300F8B71C /* Debug */,
				77B083171C401DA300F8B71C /* Release */,
			);
			defaultConfigurationIsVisible = 0;
		};
/* End XCConfigurationList section */
	};
	rootObject = 77B082ED1C401DA300F8B71C /* Project object */;
}
